
Microsoft Visual Studio Solution File, Format Version 12.00
# Visual Studio Version 17
VisualStudioVersion = 17.14.36603.0 d17.14
MinimumVisualStudioVersion = 10.0.40219.1
Project("{FAE04EC0-301F-11D3-BF4B-00C04F79EFBC}") = "LibraryManagementSystem", "LibraryManagementSystem\LibraryManagementSystem.csproj", "{EBB569B8-4D27-4766-95AA-061F0BB42467}"
EndProject
Project("{FAE04EC0-301F-11D3-BF4B-00C04F79EFBC}") = "LibraryManagementSystem.Domain", "LibraryManagementSystem.Domain\LibraryManagementSystem.Domain.csproj", "{28DD3ED2-E341-4E4B-B94D-6B3DE5688892}"
EndProject
Project("{FAE04EC0-301F-11D3-BF4B-00C04F79EFBC}") = "LibraryManagementSystem.Application", "LibraryManagementSystem.Application\LibraryManagementSystem.Application.csproj", "{DE9BA3C3-4506-4F4B-8CC2-6EB5E585CBB3}"
EndProject
Project("{FAE04EC0-301F-11D3-BF4B-00C04F79EFBC}") = "LibraryManagementSystem.Infrastructure", "LibraryManagementSystem.Infrastructure\LibraryManagementSystem.Infrastructure.csproj", "{30E260AF-A611-4049-84B0-14B165C95AD9}"
EndProject
Global
	GlobalSection(SolutionConfigurationPlatforms) = preSolution
		Debug|Any CPU = Debug|Any CPU
		Release|Any CPU = Release|Any CPU
	EndGlobalSection
	GlobalSection(ProjectConfigurationPlatforms) = postSolution
		{EBB569B8-4D27-4766-95AA-061F0BB42467}.Debug|Any CPU.ActiveCfg = Debug|Any CPU
		{EBB569B8-4D27-4766-95AA-061F0BB42467}.Debug|Any CPU.Build.0 = Debug|Any CPU
		{EBB569B8-4D27-4766-95AA-061F0BB42467}.Release|Any CPU.ActiveCfg = Release|Any CPU
		{EBB569B8-4D27-4766-95AA-061F0BB42467}.Release|Any CPU.Build.0 = Release|Any CPU
		{28DD3ED2-E341-4E4B-B94D-6B3DE5688892}.Debug|Any CPU.ActiveCfg = Debug|Any CPU
		{28DD3ED2-E341-4E4B-B94D-6B3DE5688892}.Debug|Any CPU.Build.0 = Debug|Any CPU
		{28DD3ED2-E341-4E4B-B94D-6B3DE5688892}.Release|Any CPU.ActiveCfg = Release|Any CPU
		{28DD3ED2-E341-4E4B-B94D-6B3DE5688892}.Release|Any CPU.Build.0 = Release|Any CPU
		{DE9BA3C3-4506-4F4B-8CC2-6EB5E585CBB3}.Debug|Any CPU.ActiveCfg = Debug|Any CPU
		{DE9BA3C3-4506-4F4B-8CC2-6EB5E585CBB3}.Debug|Any CPU.Build.0 = Debug|Any CPU
		{DE9BA3C3-4506-4F4B-8CC2-6EB5E585CBB3}.Release|Any CPU.ActiveCfg = Release|Any CPU
		{DE9BA3C3-4506-4F4B-8CC2-6EB5E585CBB3}.Release|Any CPU.Build.0 = Release|Any CPU
		{30E260AF-A611-4049-84B0-14B165C95AD9}.Debug|Any CPU.ActiveCfg = Debug|Any CPU
		{30E260AF-A611-4049-84B0-14B165C95AD9}.Debug|Any CPU.Build.0 = Debug|Any CPU
		{30E260AF-A611-4049-84B0-14B165C95AD9}.Release|Any CPU.ActiveCfg = Release|Any CPU
		{30E260AF-A611-4049-84B0-14B165C95AD9}.Release|Any CPU.Build.0 = Release|Any CPU
	EndGlobalSection
	GlobalSection(SolutionProperties) = preSolution
		HideSolutionNode = FALSE
	EndGlobalSection
	GlobalSection(ExtensibilityGlobals) = postSolution
		SolutionGuid = {0326EFB3-8548-4692-AFE8-DCA8EBF8109D}
	EndGlobalSection
EndGlobal
